
Microsoft Visual Studio Solution File, Format Version 12.00
# Visual Studio Version 16
VisualStudioVersion = 16.0.32510.428
MinimumVisualStudioVersion = 10.0.40219.1
Project("{FAE04EC0-301F-11D3-BF4B-00C04F79EFBC}") = "FileCabinetApp", "FileCabinetApp\FileCabinetApp.csproj", "{A0B4C147-7186-4F27-B177-2926946E3E9B}"
EndProject
Project("{FAE04EC0-301F-11D3-BF4B-00C04F79EFBC}") = "Models", "Models\Models.csproj", "{53CF4B71-8FCE-46AE-8C78-4953CBE9AF47}"
EndProject
Project("{FAE04EC0-301F-11D3-BF4B-00C04F79EFBC}") = "Service", "Service\Service.csproj", "{59106228-0FE9-461B-B8E4-62F1643FCFF9}"
EndProject
Global
	GlobalSection(SolutionConfigurationPlatforms) = preSolution
		Debug|Any CPU = Debug|Any CPU
		Release|Any CPU = Release|Any CPU
	EndGlobalSection
	GlobalSection(ProjectConfigurationPlatforms) = postSolution
		{A0B4C147-7186-4F27-B177-2926946E3E9B}.Debug|Any CPU.ActiveCfg = Debug|Any CPU
		{A0B4C147-7186-4F27-B177-2926946E3E9B}.Debug|Any CPU.Build.0 = Debug|Any CPU
		{A0B4C147-7186-4F27-B177-2926946E3E9B}.Release|Any CPU.ActiveCfg = Release|Any CPU
		{A0B4C147-7186-4F27-B177-2926946E3E9B}.Release|Any CPU.Build.0 = Release|Any CPU
		{53CF4B71-8FCE-46AE-8C78-4953CBE9AF47}.Debug|Any CPU.ActiveCfg = Debug|Any CPU
		{53CF4B71-8FCE-46AE-8C78-4953CBE9AF47}.Debug|Any CPU.Build.0 = Debug|Any CPU
		{53CF4B71-8FCE-46AE-8C78-4953CBE9AF47}.Release|Any CPU.ActiveCfg = Release|Any CPU
		{53CF4B71-8FCE-46AE-8C78-4953CBE9AF47}.Release|Any CPU.Build.0 = Release|Any CPU
		{59106228-0FE9-461B-B8E4-62F1643FCFF9}.Debug|Any CPU.ActiveCfg = Debug|Any CPU
		{59106228-0FE9-461B-B8E4-62F1643FCFF9}.Debug|Any CPU.Build.0 = Debug|Any CPU
		{59106228-0FE9-461B-B8E4-62F1643FCFF9}.Release|Any CPU.ActiveCfg = Release|Any CPU
		{59106228-0FE9-461B-B8E4-62F1643FCFF9}.Release|Any CPU.Build.0 = Release|Any CPU
	EndGlobalSection
	GlobalSection(SolutionProperties) = preSolution
		HideSolutionNode = FALSE
	EndGlobalSection
	GlobalSection(ExtensibilityGlobals) = postSolution
		SolutionGuid = {3D8B1F9B-8A55-4DEB-9069-06E728B4E3CA}
	EndGlobalSection
EndGlobal
